
Microsoft Visual Studio Solution File, Format Version 12.00
# Visual Studio Version 17
VisualStudioVersion = 17.0.31903.59
MinimumVisualStudioVersion = 10.0.40219.1
Project("{FAE04EC0-301F-11D3-BF4B-00C04F79EFBC}") = "SharedLibrary", "SharedLibrary\SharedLibrary.csproj", "{65200FA8-5E25-4937-917A-C1D88DF373DA}"
EndProject
Project("{FAE04EC0-301F-11D3-BF4B-00C04F79EFBC}") = "OrderApi", "OrderApi\OrderApi.csproj", "{739C972E-E17D-40A8-A809-61F8D9292F33}"
EndProject
Project("{FAE04EC0-301F-11D3-BF4B-00C04F79EFBC}") = "PaymentApi", "PaymentApi\PaymentApi.csproj", "{B3C1AD0E-4A1A-475F-9431-48B720556046}"
EndProject
Project("{FAE04EC0-301F-11D3-BF4B-00C04F79EFBC}") = "CatalogApi", "CatalogApi\CatalogApi.csproj", "{4A9DC254-60E6-467F-9727-685E75EFBAA3}"
EndProject
Project("{FAE04EC0-301F-11D3-BF4B-00C04F79EFBC}") = "BasketApi", "BasketApi\BasketApi.csproj", "{CC064002-40F2-41BF-AE25-CE191B2021F7}"
EndProject
Global
	GlobalSection(SolutionConfigurationPlatforms) = preSolution
		Debug|Any CPU = Debug|Any CPU
		Debug|x64 = Debug|x64
		Debug|x86 = Debug|x86
		Release|Any CPU = Release|Any CPU
		Release|x64 = Release|x64
		Release|x86 = Release|x86
	EndGlobalSection
	GlobalSection(ProjectConfigurationPlatforms) = postSolution
		{65200FA8-5E25-4937-917A-C1D88DF373DA}.Debug|Any CPU.ActiveCfg = Debug|Any CPU
		{65200FA8-5E25-4937-917A-C1D88DF373DA}.Debug|Any CPU.Build.0 = Debug|Any CPU
		{65200FA8-5E25-4937-917A-C1D88DF373DA}.Debug|x64.ActiveCfg = Debug|Any CPU
		{65200FA8-5E25-4937-917A-C1D88DF373DA}.Debug|x64.Build.0 = Debug|Any CPU
		{65200FA8-5E25-4937-917A-C1D88DF373DA}.Debug|x86.ActiveCfg = Debug|Any CPU
		{65200FA8-5E25-4937-917A-C1D88DF373DA}.Debug|x86.Build.0 = Debug|Any CPU
		{65200FA8-5E25-4937-917A-C1D88DF373DA}.Release|Any CPU.ActiveCfg = Release|Any CPU
		{65200FA8-5E25-4937-917A-C1D88DF373DA}.Release|Any CPU.Build.0 = Release|Any CPU
		{65200FA8-5E25-4937-917A-C1D88DF373DA}.Release|x64.ActiveCfg = Release|Any CPU
		{65200FA8-5E25-4937-917A-C1D88DF373DA}.Release|x64.Build.0 = Release|Any CPU
		{65200FA8-5E25-4937-917A-C1D88DF373DA}.Release|x86.ActiveCfg = Release|Any CPU
		{65200FA8-5E25-4937-917A-C1D88DF373DA}.Release|x86.Build.0 = Release|Any CPU
		{739C972E-E17D-40A8-A809-61F8D9292F33}.Debug|Any CPU.ActiveCfg = Debug|Any CPU
		{739C972E-E17D-40A8-A809-61F8D9292F33}.Debug|Any CPU.Build.0 = Debug|Any CPU
		{739C972E-E17D-40A8-A809-61F8D9292F33}.Debug|x64.ActiveCfg = Debug|Any CPU
		{739C972E-E17D-40A8-A809-61F8D9292F33}.Debug|x64.Build.0 = Debug|Any CPU
		{739C972E-E17D-40A8-A809-61F8D9292F33}.Debug|x86.ActiveCfg = Debug|Any CPU
		{739C972E-E17D-40A8-A809-61F8D9292F33}.Debug|x86.Build.0 = Debug|Any CPU
		{739C972E-E17D-40A8-A809-61F8D9292F33}.Release|Any CPU.ActiveCfg = Release|Any CPU
		{739C972E-E17D-40A8-A809-61F8D9292F33}.Release|Any CPU.Build.0 = Release|Any CPU
		{739C972E-E17D-40A8-A809-61F8D9292F33}.Release|x64.ActiveCfg = Release|Any CPU
		{739C972E-E17D-40A8-A809-61F8D9292F33}.Release|x64.Build.0 = Release|Any CPU
		{739C972E-E17D-40A8-A809-61F8D9292F33}.Release|x86.ActiveCfg = Release|Any CPU
		{739C972E-E17D-40A8-A809-61F8D9292F33}.Release|x86.Build.0 = Release|Any CPU
		{B3C1AD0E-4A1A-475F-9431-48B720556046}.Debug|Any CPU.ActiveCfg = Debug|Any CPU
		{B3C1AD0E-4A1A-475F-9431-48B720556046}.Debug|Any CPU.Build.0 = Debug|Any CPU
		{B3C1AD0E-4A1A-475F-9431-48B720556046}.Debug|x64.ActiveCfg = Debug|Any CPU
		{B3C1AD0E-4A1A-475F-9431-48B720556046}.Debug|x64.Build.0 = Debug|Any CPU
		{B3C1AD0E-4A1A-475F-9431-48B720556046}.Debug|x86.ActiveCfg = Debug|Any CPU
		{B3C1AD0E-4A1A-475F-9431-48B720556046}.Debug|x86.Build.0 = Debug|Any CPU
		{B3C1AD0E-4A1A-475F-9431-48B720556046}.Release|Any CPU.ActiveCfg = Release|Any CPU
		{B3C1AD0E-4A1A-475F-9431-48B720556046}.Release|Any CPU.Build.0 = Release|Any CPU
		{B3C1AD0E-4A1A-475F-9431-48B720556046}.Release|x64.ActiveCfg = Release|Any CPU
		{B3C1AD0E-4A1A-475F-9431-48B720556046}.Release|x64.Build.0 = Release|Any CPU
		{B3C1AD0E-4A1A-475F-9431-48B720556046}.Release|x86.ActiveCfg = Release|Any CPU
		{B3C1AD0E-4A1A-475F-9431-48B720556046}.Release|x86.Build.0 = Release|Any CPU
		{4A9DC254-60E6-467F-9727-685E75EFBAA3}.Debug|Any CPU.ActiveCfg = Debug|Any CPU
		{4A9DC254-60E6-467F-9727-685E75EFBAA3}.Debug|Any CPU.Build.0 = Debug|Any CPU
		{4A9DC254-60E6-467F-9727-685E75EFBAA3}.Debug|x64.ActiveCfg = Debug|Any CPU
		{4A9DC254-60E6-467F-9727-685E75EFBAA3}.Debug|x64.Build.0 = Debug|Any CPU
		{4A9DC254-60E6-467F-9727-685E75EFBAA3}.Debug|x86.ActiveCfg = Debug|Any CPU
		{4A9DC254-60E6-467F-9727-685E75EFBAA3}.Debug|x86.Build.0 = Debug|Any CPU
		{4A9DC254-60E6-467F-9727-685E75EFBAA3}.Release|Any CPU.ActiveCfg = Release|Any CPU
		{4A9DC254-60E6-467F-9727-685E75EFBAA3}.Release|Any CPU.Build.0 = Release|Any CPU
		{4A9DC254-60E6-467F-9727-685E75EFBAA3}.Release|x64.ActiveCfg = Release|Any CPU
		{4A9DC254-60E6-467F-9727-685E75EFBAA3}.Release|x64.Build.0 = Release|Any CPU
		{4A9DC254-60E6-467F-9727-685E75EFBAA3}.Release|x86.ActiveCfg = Release|Any CPU
		{4A9DC254-60E6-467F-9727-685E75EFBAA3}.Release|x86.Build.0 = Release|Any CPU
		{CC064002-40F2-41BF-AE25-CE191B2021F7}.Debug|Any CPU.ActiveCfg = Debug|Any CPU
		{CC064002-40F2-41BF-AE25-CE191B2021F7}.Debug|Any CPU.Build.0 = Debug|Any CPU
		{CC064002-40F2-41BF-AE25-CE191B2021F7}.Debug|x64.ActiveCfg = Debug|Any CPU
		{CC064002-40F2-41BF-AE25-CE191B2021F7}.Debug|x64.Build.0 = Debug|Any CPU
		{CC064002-40F2-41BF-AE25-CE191B2021F7}.Debug|x86.ActiveCfg = Debug|Any CPU
		{CC064002-40F2-41BF-AE25-CE191B2021F7}.Debug|x86.Build.0 = Debug|Any CPU
		{CC064002-40F2-41BF-AE25-CE191B2021F7}.Release|Any CPU.ActiveCfg = Release|Any CPU
		{CC064002-40F2-41BF-AE25-CE191B2021F7}.Release|Any CPU.Build.0 = Release|Any CPU
		{CC064002-40F2-41BF-AE25-CE191B2021F7}.Release|x64.ActiveCfg = Release|Any CPU
		{CC064002-40F2-41BF-AE25-CE191B2021F7}.Release|x64.Build.0 = Release|Any CPU
		{CC064002-40F2-41BF-AE25-CE191B2021F7}.Release|x86.ActiveCfg = Release|Any CPU
		{CC064002-40F2-41BF-AE25-CE191B2021F7}.Release|x86.Build.0 = Release|Any CPU
	EndGlobalSection
	GlobalSection(SolutionProperties) = preSolution
		HideSolutionNode = FALSE
	EndGlobalSection
EndGlobal
